// !$*UTF8*$!
{
	archiveVersion = 1;
	classes = {
	};
	objectVersion = 55;
	objects = {

/* Begin PBXBuildFile section */
		FC2E1948287C45D80040F12A /* PopularCollectionViewCell.swift in Sources */ = {isa = PBXBuildFile; fileRef = FC2E1947287C45D70040F12A /* PopularCollectionViewCell.swift */; };
		FC2E194A287C46C60040F12A /* NowPlayingCollectionViewCell.swift in Sources */ = {isa = PBXBuildFile; fileRef = FC2E1949287C46C60040F12A /* NowPlayingCollectionViewCell.swift */; };
		FC2E1951287C4AA20040F12A /* UpcomingCollectionViewCell.swift in Sources */ = {isa = PBXBuildFile; fileRef = FC2E1950287C4AA20040F12A /* UpcomingCollectionViewCell.swift */; };
		FC7F24FE287D95F30000448E /* Movie.swift in Sources */ = {isa = PBXBuildFile; fileRef = FC7F24FD287D95F30000448E /* Movie.swift */; };
		FC7F2506287DA5460000448E /* Movie+Upcoming.swift in Sources */ = {isa = PBXBuildFile; fileRef = FC7F2505287DA5460000448E /* Movie+Upcoming.swift */; };
		FC7F2508287DA5480000448E /* Movie+TrendingToday.swift in Sources */ = {isa = PBXBuildFile; fileRef = FC7F2507287DA5480000448E /* Movie+TrendingToday.swift */; };
		FC7F250A287DA54A0000448E /* Movie+TrendingThisWeek.swift in Sources */ = {isa = PBXBuildFile; fileRef = FC7F2509287DA54A0000448E /* Movie+TrendingThisWeek.swift */; };
		FC7F250C287DA54C0000448E /* Movie+Popular.swift in Sources */ = {isa = PBXBuildFile; fileRef = FC7F250B287DA54C0000448E /* Movie+Popular.swift */; };
		FC7F250E287DA54D0000448E /* Movie+NowPlaying.swift in Sources */ = {isa = PBXBuildFile; fileRef = FC7F250D287DA54D0000448E /* Movie+NowPlaying.swift */; };
		FC7F251D287DC1620000448E /* FeaturedViewController+UICollectionViewDataSource.swift in Sources */ = {isa = PBXBuildFile; fileRef = FC7F251C287DC1620000448E /* FeaturedViewController+UICollectionViewDataSource.swift */; };
		FCCBD93F287492BD000F57B8 /* AppDelegate.swift in Sources */ = {isa = PBXBuildFile; fileRef = FCCBD93E287492BD000F57B8 /* AppDelegate.swift */; };
		FCCBD941287492BD000F57B8 /* SceneDelegate.swift in Sources */ = {isa = PBXBuildFile; fileRef = FCCBD940287492BD000F57B8 /* SceneDelegate.swift */; };
		FCCBD943287492BD000F57B8 /* FeaturedViewController.swift in Sources */ = {isa = PBXBuildFile; fileRef = FCCBD942287492BD000F57B8 /* FeaturedViewController.swift */; };
		FCCBD946287492BD000F57B8 /* Main.storyboard in Resources */ = {isa = PBXBuildFile; fileRef = FCCBD944287492BD000F57B8 /* Main.storyboard */; };
		FCCBD948287492BE000F57B8 /* Assets.xcassets in Resources */ = {isa = PBXBuildFile; fileRef = FCCBD947287492BE000F57B8 /* Assets.xcassets */; };
		FCCBD94B287492BE000F57B8 /* LaunchScreen.storyboard in Resources */ = {isa = PBXBuildFile; fileRef = FCCBD949287492BE000F57B8 /* LaunchScreen.storyboard */; };
		FCD8757828771C4600C3CC3C /* SF-Pro-Display-Light.otf in Resources */ = {isa = PBXBuildFile; fileRef = FCD8757728771C4600C3CC3C /* SF-Pro-Display-Light.otf */; };
		FCD8757C28771DCF00C3CC3C /* SF-Pro-Display-Bold.otf in Resources */ = {isa = PBXBuildFile; fileRef = FCD8757B28771DCF00C3CC3C /* SF-Pro-Display-Bold.otf */; };
/* End PBXBuildFile section */

/* Begin PBXFileReference section */
		FC2E1947287C45D70040F12A /* PopularCollectionViewCell.swift */ = {isa = PBXFileReference; lastKnownFileType = sourcecode.swift; path = PopularCollectionViewCell.swift; sourceTree = "<group>"; };
		FC2E1949287C46C60040F12A /* NowPlayingCollectionViewCell.swift */ = {isa = PBXFileReference; lastKnownFileType = sourcecode.swift; path = NowPlayingCollectionViewCell.swift; sourceTree = "<group>"; };
		FC2E1950287C4AA20040F12A /* UpcomingCollectionViewCell.swift */ = {isa = PBXFileReference; lastKnownFileType = sourcecode.swift; path = UpcomingCollectionViewCell.swift; sourceTree = "<group>"; };
		FC7F24FD287D95F30000448E /* Movie.swift */ = {isa = PBXFileReference; lastKnownFileType = sourcecode.swift; path = Movie.swift; sourceTree = "<group>"; };
		FC7F2505287DA5460000448E /* Movie+Upcoming.swift */ = {isa = PBXFileReference; lastKnownFileType = sourcecode.swift; path = "Movie+Upcoming.swift"; sourceTree = "<group>"; };
		FC7F2507287DA5480000448E /* Movie+TrendingToday.swift */ = {isa = PBXFileReference; lastKnownFileType = sourcecode.swift; path = "Movie+TrendingToday.swift"; sourceTree = "<group>"; };
		FC7F2509287DA54A0000448E /* Movie+TrendingThisWeek.swift */ = {isa = PBXFileReference; lastKnownFileType = sourcecode.swift; path = "Movie+TrendingThisWeek.swift"; sourceTree = "<group>"; };
		FC7F250B287DA54C0000448E /* Movie+Popular.swift */ = {isa = PBXFileReference; lastKnownFileType = sourcecode.swift; path = "Movie+Popular.swift"; sourceTree = "<group>"; };
		FC7F250D287DA54D0000448E /* Movie+NowPlaying.swift */ = {isa = PBXFileReference; lastKnownFileType = sourcecode.swift; path = "Movie+NowPlaying.swift"; sourceTree = "<group>"; };
		FC7F251C287DC1620000448E /* FeaturedViewController+UICollectionViewDataSource.swift */ = {isa = PBXFileReference; lastKnownFileType = sourcecode.swift; path = "FeaturedViewController+UICollectionViewDataSource.swift"; sourceTree = "<group>"; };
		FCCBD93B287492BD000F57B8 /* Pelicula.app */ = {isa = PBXFileReference; explicitFileType = wrapper.application; includeInIndex = 0; path = Pelicula.app; sourceTree = BUILT_PRODUCTS_DIR; };
		FCCBD93E287492BD000F57B8 /* AppDelegate.swift */ = {isa = PBXFileReference; lastKnownFileType = sourcecode.swift; path = AppDelegate.swift; sourceTree = "<group>"; };
		FCCBD940287492BD000F57B8 /* SceneDelegate.swift */ = {isa = PBXFileReference; lastKnownFileType = sourcecode.swift; path = SceneDelegate.swift; sourceTree = "<group>"; };
		FCCBD942287492BD000F57B8 /* FeaturedViewController.swift */ = {isa = PBXFileReference; lastKnownFileType = sourcecode.swift; path = FeaturedViewController.swift; sourceTree = "<group>"; };
		FCCBD945287492BD000F57B8 /* Base */ = {isa = PBXFileReference; lastKnownFileType = file.storyboard; name = Base; path = Base.lproj/Main.storyboard; sourceTree = "<group>"; };
		FCCBD947287492BE000F57B8 /* Assets.xcassets */ = {isa = PBXFileReference; lastKnownFileType = folder.assetcatalog; path = Assets.xcassets; sourceTree = "<group>"; };
		FCCBD94A287492BE000F57B8 /* Base */ = {isa = PBXFileReference; lastKnownFileType = file.storyboard; name = Base; path = Base.lproj/LaunchScreen.storyboard; sourceTree = "<group>"; };
		FCCBD94C287492BE000F57B8 /* Info.plist */ = {isa = PBXFileReference; lastKnownFileType = text.plist.xml; path = Info.plist; sourceTree = "<group>"; };
		FCD8757728771C4600C3CC3C /* SF-Pro-Display-Light.otf */ = {isa = PBXFileReference; lastKnownFileType = file; name = "SF-Pro-Display-Light.otf"; path = "../../../../../Library/Fonts/SF-Pro-Display-Light.otf"; sourceTree = "<group>"; };
		FCD8757B28771DCF00C3CC3C /* SF-Pro-Display-Bold.otf */ = {isa = PBXFileReference; lastKnownFileType = file; name = "SF-Pro-Display-Bold.otf"; path = "../../../../../Library/Fonts/SF-Pro-Display-Bold.otf"; sourceTree = "<group>"; };
/* End PBXFileReference section */

/* Begin PBXFrameworksBuildPhase section */
		FCCBD938287492BD000F57B8 /* Frameworks */ = {
			isa = PBXFrameworksBuildPhase;
			buildActionMask = 2147483647;
			files = (
			);
			runOnlyForDeploymentPostprocessing = 0;
		};
/* End PBXFrameworksBuildPhase section */

/* Begin PBXGroup section */
		FC2E194B287C46F30040F12A /* Controllers */ = {
			isa = PBXGroup;
			children = (
				FCCBD942287492BD000F57B8 /* FeaturedViewController.swift */,
				FC7F251C287DC1620000448E /* FeaturedViewController+UICollectionViewDataSource.swift */,
			);
			path = Controllers;
			sourceTree = "<group>";
		};
		FC2E194C287C471E0040F12A /* View */ = {
			isa = PBXGroup;
			children = (
				FCCBD949287492BE000F57B8 /* LaunchScreen.storyboard */,
				FCCBD944287492BD000F57B8 /* Main.storyboard */,
				FC2E1947287C45D70040F12A /* PopularCollectionViewCell.swift */,
				FC2E1949287C46C60040F12A /* NowPlayingCollectionViewCell.swift */,
				FC2E1950287C4AA20040F12A /* UpcomingCollectionViewCell.swift */,
			);
			path = View;
			sourceTree = "<group>";
		};
		FC2E194F287C485D0040F12A /* SupportingFiles */ = {
			isa = PBXGroup;
			children = (
				FCCBD94C287492BE000F57B8 /* Info.plist */,
				FCCBD947287492BE000F57B8 /* Assets.xcassets */,
			);
			name = SupportingFiles;
			sourceTree = "<group>";
		};
		FC7F24FF287D96030000448E /* Model */ = {
			isa = PBXGroup;
			children = (
				FC7F24FD287D95F30000448E /* Movie.swift */,
				FC7F250B287DA54C0000448E /* Movie+Popular.swift */,
				FC7F250D287DA54D0000448E /* Movie+NowPlaying.swift */,
				FC7F2505287DA5460000448E /* Movie+Upcoming.swift */,
				FC7F2507287DA5480000448E /* Movie+TrendingToday.swift */,
				FC7F2509287DA54A0000448E /* Movie+TrendingThisWeek.swift */,
			);
			path = Model;
			sourceTree = "<group>";
		};
		FCCBD932287492BD000F57B8 = {
			isa = PBXGroup;
			children = (
				FCCBD93D287492BD000F57B8 /* Pelicula */,
				FCCBD93C287492BD000F57B8 /* Products */,
			);
			sourceTree = "<group>";
		};
		FCCBD93C287492BD000F57B8 /* Products */ = {
			isa = PBXGroup;
			children = (
				FCCBD93B287492BD000F57B8 /* Pelicula.app */,
			);
			name = Products;
			sourceTree = "<group>";
		};
		FCCBD93D287492BD000F57B8 /* Pelicula */ = {
			isa = PBXGroup;
			children = (
				FCCBD93E287492BD000F57B8 /* AppDelegate.swift */,
				FCCBD940287492BD000F57B8 /* SceneDelegate.swift */,
				FCD8757B28771DCF00C3CC3C /* SF-Pro-Display-Bold.otf */,
				FCD8757728771C4600C3CC3C /* SF-Pro-Display-Light.otf */,
				FC2E194F287C485D0040F12A /* SupportingFiles */,
				FC7F24FF287D96030000448E /* Model */,
				FC2E194C287C471E0040F12A /* View */,
				FC2E194B287C46F30040F12A /* Controllers */,
			);
			path = Pelicula;
			sourceTree = "<group>";
		};
/* End PBXGroup section */

/* Begin PBXNativeTarget section */
		FCCBD93A287492BD000F57B8 /* Pelicula */ = {
			isa = PBXNativeTarget;
			buildConfigurationList = FCCBD94F287492BE000F57B8 /* Build configuration list for PBXNativeTarget "Pelicula" */;
			buildPhases = (
				FCCBD937287492BD000F57B8 /* Sources */,
				FCCBD938287492BD000F57B8 /* Frameworks */,
				FCCBD939287492BD000F57B8 /* Resources */,
			);
			buildRules = (
			);
			dependencies = (
			);
			name = Pelicula;
			productName = Pelicula;
			productReference = FCCBD93B287492BD000F57B8 /* Pelicula.app */;
			productType = "com.apple.product-type.application";
		};
/* End PBXNativeTarget section */

/* Begin PBXProject section */
		FCCBD933287492BD000F57B8 /* Project object */ = {
			isa = PBXProject;
			attributes = {
				BuildIndependentTargetsInParallel = 1;
				LastSwiftUpdateCheck = 1340;
				LastUpgradeCheck = 1340;
				TargetAttributes = {
					FCCBD93A287492BD000F57B8 = {
						CreatedOnToolsVersion = 13.4.1;
					};
				};
			};
			buildConfigurationList = FCCBD936287492BD000F57B8 /* Build configuration list for PBXProject "Pelicula" */;
			compatibilityVersion = "Xcode 13.0";
			developmentRegion = en;
			hasScannedForEncodings = 0;
			knownRegions = (
				en,
				Base,
			);
			mainGroup = FCCBD932287492BD000F57B8;
			productRefGroup = FCCBD93C287492BD000F57B8 /* Products */;
			projectDirPath = "";
			projectRoot = "";
			targets = (
				FCCBD93A287492BD000F57B8 /* Pelicula */,
			);
		};
/* End PBXProject section */

/* Begin PBXResourcesBuildPhase section */
		FCCBD939287492BD000F57B8 /* Resources */ = {
			isa = PBXResourcesBuildPhase;
			buildActionMask = 2147483647;
			files = (
				FCCBD94B287492BE000F57B8 /* LaunchScreen.storyboard in Resources */,
				FCD8757C28771DCF00C3CC3C /* SF-Pro-Display-Bold.otf in Resources */,
				FCCBD948287492BE000F57B8 /* Assets.xcassets in Resources */,
				FCD8757828771C4600C3CC3C /* SF-Pro-Display-Light.otf in Resources */,
				FCCBD946287492BD000F57B8 /* Main.storyboard in Resources */,
			);
			runOnlyForDeploymentPostprocessing = 0;
		};
/* End PBXResourcesBuildPhase section */

/* Begin PBXSourcesBuildPhase section */
		FCCBD937287492BD000F57B8 /* Sources */ = {
			isa = PBXSourcesBuildPhase;
			buildActionMask = 2147483647;
			files = (
				FC7F24FE287D95F30000448E /* Movie.swift in Sources */,
				FC2E1951287C4AA20040F12A /* UpcomingCollectionViewCell.swift in Sources */,
				FC7F250C287DA54C0000448E /* Movie+Popular.swift in Sources */,
				FC2E194A287C46C60040F12A /* NowPlayingCollectionViewCell.swift in Sources */,
				FC7F251D287DC1620000448E /* FeaturedViewController+UICollectionViewDataSource.swift in Sources */,
				FC7F250E287DA54D0000448E /* Movie+NowPlaying.swift in Sources */,
				FC2E1948287C45D80040F12A /* PopularCollectionViewCell.swift in Sources */,
				FC7F2506287DA5460000448E /* Movie+Upcoming.swift in Sources */,
				FC7F250A287DA54A0000448E /* Movie+TrendingThisWeek.swift in Sources */,
				FCCBD943287492BD000F57B8 /* FeaturedViewController.swift in Sources */,
				FC7F2508287DA5480000448E /* Movie+TrendingToday.swift in Sources */,
				FCCBD93F287492BD000F57B8 /* AppDelegate.swift in Sources */,
				FCCBD941287492BD000F57B8 /* SceneDelegate.swift in Sources */,
			);
			runOnlyForDeploymentPostprocessing = 0;
		};
/* End PBXSourcesBuildPhase section */

/* Begin PBXVariantGroup section */
		FCCBD944287492BD000F57B8 /* Main.storyboard */ = {
			isa = PBXVariantGroup;
			children = (
				FCCBD945287492BD000F57B8 /* Base */,
			);
			name = Main.storyboard;
			sourceTree = "<group>";
		};
		FCCBD949287492BE000F57B8 /* LaunchScreen.storyboard */ = {
			isa = PBXVariantGroup;
			children = (
				FCCBD94A287492BE000F57B8 /* Base */,
			);
			name = LaunchScreen.storyboard;
			sourceTree = "<group>";
		};
/* End PBXVariantGroup section */

/* Begin XCBuildConfiguration section */
		FCCBD94D287492BE000F57B8 /* Debug */ = {
			isa = XCBuildConfiguration;
			buildSettings = {
				ALWAYS_SEARCH_USER_PATHS = NO;
				CLANG_ANALYZER_NONNULL = YES;
				CLANG_ANALYZER_NUMBER_OBJECT_CONVERSION = YES_AGGRESSIVE;
				CLANG_CXX_LANGUAGE_STANDARD = "gnu++17";
				CLANG_ENABLE_MODULES = YES;
				CLANG_ENABLE_OBJC_ARC = YES;
				CLANG_ENABLE_OBJC_WEAK = YES;
				CLANG_WARN_BLOCK_CAPTURE_AUTORELEASING = YES;
				CLANG_WARN_BOOL_CONVERSION = YES;
				CLANG_WARN_COMMA = YES;
				CLANG_WARN_CONSTANT_CONVERSION = YES;
				CLANG_WARN_DEPRECATED_OBJC_IMPLEMENTATIONS = YES;
				CLANG_WARN_DIRECT_OBJC_ISA_USAGE = YES_ERROR;
				CLANG_WARN_DOCUMENTATION_COMMENTS = YES;
				CLANG_WARN_EMPTY_BODY = YES;
				CLANG_WARN_ENUM_CONVERSION = YES;
				CLANG_WARN_INFINITE_RECURSION = YES;
				CLANG_WARN_INT_CONVERSION = YES;
				CLANG_WARN_NON_LITERAL_NULL_CONVERSION = YES;
				CLANG_WARN_OBJC_IMPLICIT_RETAIN_SELF = YES;
				CLANG_WARN_OBJC_LITERAL_CONVERSION = YES;
				CLANG_WARN_OBJC_ROOT_CLASS = YES_ERROR;
				CLANG_WARN_QUOTED_INCLUDE_IN_FRAMEWORK_HEADER = YES;
				CLANG_WARN_RANGE_LOOP_ANALYSIS = YES;
				CLANG_WARN_STRICT_PROTOTYPES = YES;
				CLANG_WARN_SUSPICIOUS_MOVE = YES;
				CLANG_WARN_UNGUARDED_AVAILABILITY = YES_AGGRESSIVE;
				CLANG_WARN_UNREACHABLE_CODE = YES;
				CLANG_WARN__DUPLICATE_METHOD_MATCH = YES;
				COPY_PHASE_STRIP = NO;
				DEBUG_INFORMATION_FORMAT = dwarf;
				ENABLE_STRICT_OBJC_MSGSEND = YES;
				ENABLE_TESTABILITY = YES;
				GCC_C_LANGUAGE_STANDARD = gnu11;
				GCC_DYNAMIC_NO_PIC = NO;
				GCC_NO_COMMON_BLOCKS = YES;
				GCC_OPTIMIZATION_LEVEL = 0;
				GCC_PREPROCESSOR_DEFINITIONS = (
					"DEBUG=1",
					"$(inherited)",
				);
				GCC_WARN_64_TO_32_BIT_CONVERSION = YES;
				GCC_WARN_ABOUT_RETURN_TYPE = YES_ERROR;
				GCC_WARN_UNDECLARED_SELECTOR = YES;
				GCC_WARN_UNINITIALIZED_AUTOS = YES_AGGRESSIVE;
				GCC_WARN_UNUSED_FUNCTION = YES;
				GCC_WARN_UNUSED_VARIABLE = YES;
				IPHONEOS_DEPLOYMENT_TARGET = 15.5;
				MTL_ENABLE_DEBUG_INFO = INCLUDE_SOURCE;
				MTL_FAST_MATH = YES;
				ONLY_ACTIVE_ARCH = YES;
				SDKROOT = iphoneos;
				SWIFT_ACTIVE_COMPILATION_CONDITIONS = DEBUG;
				SWIFT_OPTIMIZATION_LEVEL = "-Onone";
			};
			name = Debug;
		};
		FCCBD94E287492BE000F57B8 /* Release */ = {
			isa = XCBuildConfiguration;
			buildSettings = {
				ALWAYS_SEARCH_USER_PATHS = NO;
				CLANG_ANALYZER_NONNULL = YES;
				CLANG_ANALYZER_NUMBER_OBJECT_CONVERSION = YES_AGGRESSIVE;
				CLANG_CXX_LANGUAGE_STANDARD = "gnu++17";
				CLANG_ENABLE_MODULES = YES;
				CLANG_ENABLE_OBJC_ARC = YES;
				CLANG_ENABLE_OBJC_WEAK = YES;
				CLANG_WARN_BLOCK_CAPTURE_AUTORELEASING = YES;
				CLANG_WARN_BOOL_CONVERSION = YES;
				CLANG_WARN_COMMA = YES;
				CLANG_WARN_CONSTANT_CONVERSION = YES;
				CLANG_WARN_DEPRECATED_OBJC_IMPLEMENTATIONS = YES;
				CLANG_WARN_DIRECT_OBJC_ISA_USAGE = YES_ERROR;
				CLANG_WARN_DOCUMENTATION_COMMENTS = YES;
				CLANG_WARN_EMPTY_BODY = YES;
				CLANG_WARN_ENUM_CONVERSION = YES;
				CLANG_WARN_INFINITE_RECURSION = YES;
				CLANG_WARN_INT_CONVERSION = YES;
				CLANG_WARN_NON_LITERAL_NULL_CONVERSION = YES;
				CLANG_WARN_OBJC_IMPLICIT_RETAIN_SELF = YES;
				CLANG_WARN_OBJC_LITERAL_CONVERSION = YES;
				CLANG_WARN_OBJC_ROOT_CLASS = YES_ERROR;
				CLANG_WARN_QUOTED_INCLUDE_IN_FRAMEWORK_HEADER = YES;
				CLANG_WARN_RANGE_LOOP_ANALYSIS = YES;
				CLANG_WARN_STRICT_PROTOTYPES = YES;
				CLANG_WARN_SUSPICIOUS_MOVE = YES;
				CLANG_WARN_UNGUARDED_AVAILABILITY = YES_AGGRESSIVE;
				CLANG_WARN_UNREACHABLE_CODE = YES;
				CLANG_WARN__DUPLICATE_METHOD_MATCH = YES;
				COPY_PHASE_STRIP = NO;
				DEBUG_INFORMATION_FORMAT = "dwarf-with-dsym";
				ENABLE_NS_ASSERTIONS = NO;
				ENABLE_STRICT_OBJC_MSGSEND = YES;
				GCC_C_LANGUAGE_STANDARD = gnu11;
				GCC_NO_COMMON_BLOCKS = YES;
				GCC_WARN_64_TO_32_BIT_CONVERSION = YES;
				GCC_WARN_ABOUT_RETURN_TYPE = YES_ERROR;
				GCC_WARN_UNDECLARED_SELECTOR = YES;
				GCC_WARN_UNINITIALIZED_AUTOS = YES_AGGRESSIVE;
				GCC_WARN_UNUSED_FUNCTION = YES;
				GCC_WARN_UNUSED_VARIABLE = YES;
				IPHONEOS_DEPLOYMENT_TARGET = 15.5;
				MTL_ENABLE_DEBUG_INFO = NO;
				MTL_FAST_MATH = YES;
				SDKROOT = iphoneos;
				SWIFT_COMPILATION_MODE = wholemodule;
				SWIFT_OPTIMIZATION_LEVEL = "-O";
				VALIDATE_PRODUCT = YES;
			};
			name = Release;
		};
		FCCBD950287492BE000F57B8 /* Debug */ = {
			isa = XCBuildConfiguration;
			buildSettings = {
				ASSETCATALOG_COMPILER_APPICON_NAME = AppIcon;
				ASSETCATALOG_COMPILER_GLOBAL_ACCENT_COLOR_NAME = AccentColor;
				CODE_SIGN_STYLE = Automatic;
				CURRENT_PROJECT_VERSION = 1;
				GENERATE_INFOPLIST_FILE = YES;
				INFOPLIST_FILE = Pelicula/Info.plist;
				INFOPLIST_KEY_UIApplicationSupportsIndirectInputEvents = YES;
				INFOPLIST_KEY_UILaunchStoryboardName = LaunchScreen;
				INFOPLIST_KEY_UIMainStoryboardFile = Main;
				INFOPLIST_KEY_UISupportedInterfaceOrientations_iPad = "UIInterfaceOrientationPortrait UIInterfaceOrientationPortraitUpsideDown UIInterfaceOrientationLandscapeLeft UIInterfaceOrientationLandscapeRight";
				INFOPLIST_KEY_UISupportedInterfaceOrientations_iPhone = "UIInterfaceOrientationPortrait UIInterfaceOrientationLandscapeLeft UIInterfaceOrientationLandscapeRight";
				LD_RUNPATH_SEARCH_PATHS = (
					"$(inherited)",
					"@executable_path/Frameworks",
				);
				MARKETING_VERSION = 1.0;
				PRODUCT_BUNDLE_IDENTIFIER = br.ufpe.cin.academy.Pelicula;
				PRODUCT_NAME = "$(TARGET_NAME)";
				SWIFT_EMIT_LOC_STRINGS = YES;
				SWIFT_VERSION = 5.0;
				TARGETED_DEVICE_FAMILY = "1,2";
			};
			name = Debug;
		};
		FCCBD951287492BE000F57B8 /* Release */ = {
			isa = XCBuildConfiguration;
			buildSettings = {
				ASSETCATALOG_COMPILER_APPICON_NAME = AppIcon;
				ASSETCATALOG_COMPILER_GLOBAL_ACCENT_COLOR_NAME = AccentColor;
				CODE_SIGN_STYLE = Automatic;
				CURRENT_PROJECT_VERSION = 1;
				GENERATE_INFOPLIST_FILE = YES;
				INFOPLIST_FILE = Pelicula/Info.plist;
				INFOPLIST_KEY_UIApplicationSupportsIndirectInputEvents = YES;
				INFOPLIST_KEY_UILaunchStoryboardName = LaunchScreen;
				INFOPLIST_KEY_UIMainStoryboardFile = Main;
				INFOPLIST_KEY_UISupportedInterfaceOrientations_iPad = "UIInterfaceOrientationPortrait UIInterfaceOrientationPortraitUpsideDown UIInterfaceOrientationLandscapeLeft UIInterfaceOrientationLandscapeRight";
				INFOPLIST_KEY_UISupportedInterfaceOrientations_iPhone = "UIInterfaceOrientationPortrait UIInterfaceOrientationLandscapeLeft UIInterfaceOrientationLandscapeRight";
				LD_RUNPATH_SEARCH_PATHS = (
					"$(inherited)",
					"@executable_path/Frameworks",
				);
				MARKETING_VERSION = 1.0;
				PRODUCT_BUNDLE_IDENTIFIER = br.ufpe.cin.academy.Pelicula;
				PRODUCT_NAME = "$(TARGET_NAME)";
				SWIFT_EMIT_LOC_STRINGS = YES;
				SWIFT_VERSION = 5.0;
				TARGETED_DEVICE_FAMILY = "1,2";
			};
			name = Release;
		};
/* End XCBuildConfiguration section */

/* Begin XCConfigurationList section */
		FCCBD936287492BD000F57B8 /* Build configuration list for PBXProject "Pelicula" */ = {
			isa = XCConfigurationList;
			buildConfigurations = (
				FCCBD94D287492BE000F57B8 /* Debug */,
				FCCBD94E287492BE000F57B8 /* Release */,
			);
			defaultConfigurationIsVisible = 0;
			defaultConfigurationName = Release;
		};
		FCCBD94F287492BE000F57B8 /* Build configuration list for PBXNativeTarget "Pelicula" */ = {
			isa = XCConfigurationList;
			buildConfigurations = (
				FCCBD950287492BE000F57B8 /* Debug */,
				FCCBD951287492BE000F57B8 /* Release */,
			);
			defaultConfigurationIsVisible = 0;
			defaultConfigurationName = Release;
		};
/* End XCConfigurationList section */
	};
	rootObject = FCCBD933287492BD000F57B8 /* Project object */;
}
